// !$*UTF8*$!
{
	archiveVersion = 1;
	classes = {
	};
	objectVersion = 56;
	objects = {

/* Begin PBXBuildFile section */
		1B47F78A2B35917800306F0B /* ReminderViewController+CellConfiguration.swift in Sources */ = {isa = PBXBuildFile; fileRef = 1B47F7892B35917800306F0B /* ReminderViewController+CellConfiguration.swift */; };
		1B47F78D2B35944B00306F0B /* UIView+PinnedSubview.swift in Sources */ = {isa = PBXBuildFile; fileRef = 1B47F78C2B35944B00306F0B /* UIView+PinnedSubview.swift */; };
		1B47F78F2B359E8C00306F0B /* TextFieldContentView.swift in Sources */ = {isa = PBXBuildFile; fileRef = 1B47F78E2B359E8C00306F0B /* TextFieldContentView.swift */; };
		1B47F7912B35A14F00306F0B /* UIContentConfiguration+Stateless.swift in Sources */ = {isa = PBXBuildFile; fileRef = 1B47F7902B35A14F00306F0B /* UIContentConfiguration+Stateless.swift */; };
		32F452292B34398600C6DEF4 /* AppDelegate.swift in Sources */ = {isa = PBXBuildFile; fileRef = 32F452282B34398600C6DEF4 /* AppDelegate.swift */; };
		32F4522B2B34398600C6DEF4 /* SceneDelegate.swift in Sources */ = {isa = PBXBuildFile; fileRef = 32F4522A2B34398600C6DEF4 /* SceneDelegate.swift */; };
		32F4522D2B34398600C6DEF4 /* ReminderListViewController.swift in Sources */ = {isa = PBXBuildFile; fileRef = 32F4522C2B34398600C6DEF4 /* ReminderListViewController.swift */; };
		32F452302B34398600C6DEF4 /* Main.storyboard in Resources */ = {isa = PBXBuildFile; fileRef = 32F4522E2B34398600C6DEF4 /* Main.storyboard */; };
		32F452322B34398900C6DEF4 /* Assets.xcassets in Resources */ = {isa = PBXBuildFile; fileRef = 32F452312B34398900C6DEF4 /* Assets.xcassets */; };
		32F452352B34398900C6DEF4 /* LaunchScreen.storyboard in Resources */ = {isa = PBXBuildFile; fileRef = 32F452332B34398900C6DEF4 /* LaunchScreen.storyboard */; };
		32F4523E2B34417600C6DEF4 /* Reminder.swift in Sources */ = {isa = PBXBuildFile; fileRef = 32F4523D2B34417600C6DEF4 /* Reminder.swift */; };
		32F452402B3457AB00C6DEF4 /* Date+Today.swift in Sources */ = {isa = PBXBuildFile; fileRef = 32F4523F2B3457AB00C6DEF4 /* Date+Today.swift */; };
		32F452422B345AE500C6DEF4 /* UIColor+Today.swift in Sources */ = {isa = PBXBuildFile; fileRef = 32F452412B345AE500C6DEF4 /* UIColor+Today.swift */; };
		32F452452B345C5100C6DEF4 /* ReminderListViewController+DataSource.swift in Sources */ = {isa = PBXBuildFile; fileRef = 32F452442B345C5100C6DEF4 /* ReminderListViewController+DataSource.swift */; };
		32F452472B34880000C6DEF4 /* ReminderDoneButton.swift in Sources */ = {isa = PBXBuildFile; fileRef = 32F452462B34880000C6DEF4 /* ReminderDoneButton.swift */; };
		32F4524A2B34890C00C6DEF4 /* ReminderListViewController+Actions.swift in Sources */ = {isa = PBXBuildFile; fileRef = 32F452492B34890C00C6DEF4 /* ReminderListViewController+Actions.swift */; };
		32F4524C2B34954900C6DEF4 /* ReminderViewController.swift in Sources */ = {isa = PBXBuildFile; fileRef = 32F4524B2B34954900C6DEF4 /* ReminderViewController.swift */; };
		32F4524F2B3496FD00C6DEF4 /* ReminderViewController+Row.swift in Sources */ = {isa = PBXBuildFile; fileRef = 32F4524E2B3496FD00C6DEF4 /* ReminderViewController+Row.swift */; };
		32F452512B34AD1C00C6DEF4 /* ReminderViewController+Section.swift in Sources */ = {isa = PBXBuildFile; fileRef = 32F452502B34AD1C00C6DEF4 /* ReminderViewController+Section.swift */; };
/* End PBXBuildFile section */

/* Begin PBXFileReference section */
		1B47F7892B35917800306F0B /* ReminderViewController+CellConfiguration.swift */ = {isa = PBXFileReference; lastKnownFileType = sourcecode.swift; path = "ReminderViewController+CellConfiguration.swift"; sourceTree = "<group>"; };
		1B47F78C2B35944B00306F0B /* UIView+PinnedSubview.swift */ = {isa = PBXFileReference; lastKnownFileType = sourcecode.swift; path = "UIView+PinnedSubview.swift"; sourceTree = "<group>"; };
		1B47F78E2B359E8C00306F0B /* TextFieldContentView.swift */ = {isa = PBXFileReference; lastKnownFileType = sourcecode.swift; path = TextFieldContentView.swift; sourceTree = "<group>"; };
		1B47F7902B35A14F00306F0B /* UIContentConfiguration+Stateless.swift */ = {isa = PBXFileReference; lastKnownFileType = sourcecode.swift; path = "UIContentConfiguration+Stateless.swift"; sourceTree = "<group>"; };
		32F452252B34398600C6DEF4 /* UIKit Today App.app */ = {isa = PBXFileReference; explicitFileType = wrapper.application; includeInIndex = 0; path = "UIKit Today App.app"; sourceTree = BUILT_PRODUCTS_DIR; };
		32F452282B34398600C6DEF4 /* AppDelegate.swift */ = {isa = PBXFileReference; lastKnownFileType = sourcecode.swift; path = AppDelegate.swift; sourceTree = "<group>"; };
		32F4522A2B34398600C6DEF4 /* SceneDelegate.swift */ = {isa = PBXFileReference; lastKnownFileType = sourcecode.swift; path = SceneDelegate.swift; sourceTree = "<group>"; };
		32F4522C2B34398600C6DEF4 /* ReminderListViewController.swift */ = {isa = PBXFileReference; lastKnownFileType = sourcecode.swift; path = ReminderListViewController.swift; sourceTree = "<group>"; };
		32F4522F2B34398600C6DEF4 /* Base */ = {isa = PBXFileReference; lastKnownFileType = file.storyboard; name = Base; path = Base.lproj/Main.storyboard; sourceTree = "<group>"; };
		32F452312B34398900C6DEF4 /* Assets.xcassets */ = {isa = PBXFileReference; lastKnownFileType = folder.assetcatalog; path = Assets.xcassets; sourceTree = "<group>"; };
		32F452342B34398900C6DEF4 /* Base */ = {isa = PBXFileReference; lastKnownFileType = file.storyboard; name = Base; path = Base.lproj/LaunchScreen.storyboard; sourceTree = "<group>"; };
		32F452362B34398900C6DEF4 /* Info.plist */ = {isa = PBXFileReference; lastKnownFileType = text.plist.xml; path = Info.plist; sourceTree = "<group>"; };
		32F4523D2B34417600C6DEF4 /* Reminder.swift */ = {isa = PBXFileReference; lastKnownFileType = sourcecode.swift; path = Reminder.swift; sourceTree = "<group>"; };
		32F4523F2B3457AB00C6DEF4 /* Date+Today.swift */ = {isa = PBXFileReference; lastKnownFileType = sourcecode.swift; path = "Date+Today.swift"; sourceTree = "<group>"; };
		32F452412B345AE500C6DEF4 /* UIColor+Today.swift */ = {isa = PBXFileReference; fileEncoding = 4; lastKnownFileType = sourcecode.swift; path = "UIColor+Today.swift"; sourceTree = "<group>"; };
		32F452442B345C5100C6DEF4 /* ReminderListViewController+DataSource.swift */ = {isa = PBXFileReference; lastKnownFileType = sourcecode.swift; path = "ReminderListViewController+DataSource.swift"; sourceTree = "<group>"; };
		32F452462B34880000C6DEF4 /* ReminderDoneButton.swift */ = {isa = PBXFileReference; lastKnownFileType = sourcecode.swift; path = ReminderDoneButton.swift; sourceTree = "<group>"; };
		32F452492B34890C00C6DEF4 /* ReminderListViewController+Actions.swift */ = {isa = PBXFileReference; lastKnownFileType = sourcecode.swift; path = "ReminderListViewController+Actions.swift"; sourceTree = "<group>"; };
		32F4524B2B34954900C6DEF4 /* ReminderViewController.swift */ = {isa = PBXFileReference; lastKnownFileType = sourcecode.swift; path = ReminderViewController.swift; sourceTree = "<group>"; };
		32F4524E2B3496FD00C6DEF4 /* ReminderViewController+Row.swift */ = {isa = PBXFileReference; lastKnownFileType = sourcecode.swift; path = "ReminderViewController+Row.swift"; sourceTree = "<group>"; };
		32F452502B34AD1C00C6DEF4 /* ReminderViewController+Section.swift */ = {isa = PBXFileReference; lastKnownFileType = sourcecode.swift; path = "ReminderViewController+Section.swift"; sourceTree = "<group>"; };
/* End PBXFileReference section */

/* Begin PBXFrameworksBuildPhase section */
		32F452222B34398600C6DEF4 /* Frameworks */ = {
			isa = PBXFrameworksBuildPhase;
			buildActionMask = 2147483647;
			files = (
			);
			runOnlyForDeploymentPostprocessing = 0;
		};
/* End PBXFrameworksBuildPhase section */

/* Begin PBXGroup section */
		1B47F78B2B35941300306F0B /* ContentViews */ = {
			isa = PBXGroup;
			children = (
				1B47F78C2B35944B00306F0B /* UIView+PinnedSubview.swift */,
				1B47F78E2B359E8C00306F0B /* TextFieldContentView.swift */,
				1B47F7902B35A14F00306F0B /* UIContentConfiguration+Stateless.swift */,
			);
			path = ContentViews;
			sourceTree = "<group>";
		};
		32F4521C2B34398600C6DEF4 = {
			isa = PBXGroup;
			children = (
				32F452272B34398600C6DEF4 /* UIKit Today App */,
				32F452262B34398600C6DEF4 /* Products */,
			);
			sourceTree = "<group>";
		};
		32F452262B34398600C6DEF4 /* Products */ = {
			isa = PBXGroup;
			children = (
				32F452252B34398600C6DEF4 /* UIKit Today App.app */,
			);
			name = Products;
			sourceTree = "<group>";
		};
		32F452272B34398600C6DEF4 /* UIKit Today App */ = {
			isa = PBXGroup;
			children = (
				1B47F78B2B35941300306F0B /* ContentViews */,
				32F4523C2B34415000C6DEF4 /* Models */,
				32F452282B34398600C6DEF4 /* AppDelegate.swift */,
				32F4522A2B34398600C6DEF4 /* SceneDelegate.swift */,
				32F452432B345C1A00C6DEF4 /* ListViewController */,
				32F4524D2B3496DA00C6DEF4 /* DetailViewController */,
				32F4522E2B34398600C6DEF4 /* Main.storyboard */,
				32F452312B34398900C6DEF4 /* Assets.xcassets */,
				32F452332B34398900C6DEF4 /* LaunchScreen.storyboard */,
				32F452362B34398900C6DEF4 /* Info.plist */,
			);
			path = "UIKit Today App";
			sourceTree = "<group>";
		};
		32F4523C2B34415000C6DEF4 /* Models */ = {
			isa = PBXGroup;
			children = (
				32F4523D2B34417600C6DEF4 /* Reminder.swift */,
				32F452412B345AE500C6DEF4 /* UIColor+Today.swift */,
				32F4523F2B3457AB00C6DEF4 /* Date+Today.swift */,
			);
			path = Models;
			sourceTree = "<group>";
		};
		32F452432B345C1A00C6DEF4 /* ListViewController */ = {
			isa = PBXGroup;
			children = (
				32F4522C2B34398600C6DEF4 /* ReminderListViewController.swift */,
				32F452442B345C5100C6DEF4 /* ReminderListViewController+DataSource.swift */,
				32F452462B34880000C6DEF4 /* ReminderDoneButton.swift */,
				32F452492B34890C00C6DEF4 /* ReminderListViewController+Actions.swift */,
			);
			path = ListViewController;
			sourceTree = "<group>";
		};
		32F4524D2B3496DA00C6DEF4 /* DetailViewController */ = {
			isa = PBXGroup;
			children = (
				32F4524B2B34954900C6DEF4 /* ReminderViewController.swift */,
				32F4524E2B3496FD00C6DEF4 /* ReminderViewController+Row.swift */,
				32F452502B34AD1C00C6DEF4 /* ReminderViewController+Section.swift */,
				1B47F7892B35917800306F0B /* ReminderViewController+CellConfiguration.swift */,
			);
			path = DetailViewController;
			sourceTree = "<group>";
		};
/* End PBXGroup section */

/* Begin PBXNativeTarget section */
		32F452242B34398600C6DEF4 /* UIKit Today App */ = {
			isa = PBXNativeTarget;
			buildConfigurationList = 32F452392B34398900C6DEF4 /* Build configuration list for PBXNativeTarget "UIKit Today App" */;
			buildPhases = (
				32F452212B34398600C6DEF4 /* Sources */,
				32F452222B34398600C6DEF4 /* Frameworks */,
				32F452232B34398600C6DEF4 /* Resources */,
			);
			buildRules = (
			);
			dependencies = (
			);
			name = "UIKit Today App";
			productName = "UIKit Today App";
			productReference = 32F452252B34398600C6DEF4 /* UIKit Today App.app */;
			productType = "com.apple.product-type.application";
		};
/* End PBXNativeTarget section */

/* Begin PBXProject section */
		32F4521D2B34398600C6DEF4 /* Project object */ = {
			isa = PBXProject;
			attributes = {
				BuildIndependentTargetsInParallel = 1;
				LastSwiftUpdateCheck = 1430;
				LastUpgradeCheck = 1430;
				TargetAttributes = {
					32F452242B34398600C6DEF4 = {
						CreatedOnToolsVersion = 14.3.1;
					};
				};
			};
			buildConfigurationList = 32F452202B34398600C6DEF4 /* Build configuration list for PBXProject "UIKit Today App" */;
			compatibilityVersion = "Xcode 14.0";
			developmentRegion = en;
			hasScannedForEncodings = 0;
			knownRegions = (
				en,
				Base,
			);
			mainGroup = 32F4521C2B34398600C6DEF4;
			productRefGroup = 32F452262B34398600C6DEF4 /* Products */;
			projectDirPath = "";
			projectRoot = "";
			targets = (
				32F452242B34398600C6DEF4 /* UIKit Today App */,
			);
		};
/* End PBXProject section */

/* Begin PBXResourcesBuildPhase section */
		32F452232B34398600C6DEF4 /* Resources */ = {
			isa = PBXResourcesBuildPhase;
			buildActionMask = 2147483647;
			files = (
				32F452352B34398900C6DEF4 /* LaunchScreen.storyboard in Resources */,
				32F452322B34398900C6DEF4 /* Assets.xcassets in Resources */,
				32F452302B34398600C6DEF4 /* Main.storyboard in Resources */,
			);
			runOnlyForDeploymentPostprocessing = 0;
		};
/* End PBXResourcesBuildPhase section */

/* Begin PBXSourcesBuildPhase section */
		32F452212B34398600C6DEF4 /* Sources */ = {
			isa = PBXSourcesBuildPhase;
			buildActionMask = 2147483647;
			files = (
				1B47F78D2B35944B00306F0B /* UIView+PinnedSubview.swift in Sources */,
				32F452512B34AD1C00C6DEF4 /* ReminderViewController+Section.swift in Sources */,
				32F4522D2B34398600C6DEF4 /* ReminderListViewController.swift in Sources */,
				32F4524A2B34890C00C6DEF4 /* ReminderListViewController+Actions.swift in Sources */,
				32F4524C2B34954900C6DEF4 /* ReminderViewController.swift in Sources */,
				1B47F7912B35A14F00306F0B /* UIContentConfiguration+Stateless.swift in Sources */,
				32F452402B3457AB00C6DEF4 /* Date+Today.swift in Sources */,
				32F452292B34398600C6DEF4 /* AppDelegate.swift in Sources */,
				1B47F78F2B359E8C00306F0B /* TextFieldContentView.swift in Sources */,
				32F4524F2B3496FD00C6DEF4 /* ReminderViewController+Row.swift in Sources */,
				32F452472B34880000C6DEF4 /* ReminderDoneButton.swift in Sources */,
				32F4522B2B34398600C6DEF4 /* SceneDelegate.swift in Sources */,
				1B47F78A2B35917800306F0B /* ReminderViewController+CellConfiguration.swift in Sources */,
				32F452452B345C5100C6DEF4 /* ReminderListViewController+DataSource.swift in Sources */,
				32F4523E2B34417600C6DEF4 /* Reminder.swift in Sources */,
				32F452422B345AE500C6DEF4 /* UIColor+Today.swift in Sources */,
			);
			runOnlyForDeploymentPostprocessing = 0;
		};
/* End PBXSourcesBuildPhase section */

/* Begin PBXVariantGroup section */
		32F4522E2B34398600C6DEF4 /* Main.storyboard */ = {
			isa = PBXVariantGroup;
			children = (
				32F4522F2B34398600C6DEF4 /* Base */,
			);
			name = Main.storyboard;
			sourceTree = "<group>";
		};
		32F452332B34398900C6DEF4 /* LaunchScreen.storyboard */ = {
			isa = PBXVariantGroup;
			children = (
				32F452342B34398900C6DEF4 /* Base */,
			);
			name = LaunchScreen.storyboard;
			sourceTree = "<group>";
		};
/* End PBXVariantGroup section */

/* Begin XCBuildConfiguration section */
		32F452372B34398900C6DEF4 /* Debug */ = {
			isa = XCBuildConfiguration;
			buildSettings = {
				ALWAYS_SEARCH_USER_PATHS = NO;
				CLANG_ANALYZER_NONNULL = YES;
				CLANG_ANALYZER_NUMBER_OBJECT_CONVERSION = YES_AGGRESSIVE;
				CLANG_CXX_LANGUAGE_STANDARD = "gnu++20";
				CLANG_ENABLE_MODULES = YES;
				CLANG_ENABLE_OBJC_ARC = YES;
				CLANG_ENABLE_OBJC_WEAK = YES;
				CLANG_WARN_BLOCK_CAPTURE_AUTORELEASING = YES;
				CLANG_WARN_BOOL_CONVERSION = YES;
				CLANG_WARN_COMMA = YES;
				CLANG_WARN_CONSTANT_CONVERSION = YES;
				CLANG_WARN_DEPRECATED_OBJC_IMPLEMENTATIONS = YES;
				CLANG_WARN_DIRECT_OBJC_ISA_USAGE = YES_ERROR;
				CLANG_WARN_DOCUMENTATION_COMMENTS = YES;
				CLANG_WARN_EMPTY_BODY = YES;
				CLANG_WARN_ENUM_CONVERSION = YES;
				CLANG_WARN_INFINITE_RECURSION = YES;
				CLANG_WARN_INT_CONVERSION = YES;
				CLANG_WARN_NON_LITERAL_NULL_CONVERSION = YES;
				CLANG_WARN_OBJC_IMPLICIT_RETAIN_SELF = YES;
				CLANG_WARN_OBJC_LITERAL_CONVERSION = YES;
				CLANG_WARN_OBJC_ROOT_CLASS = YES_ERROR;
				CLANG_WARN_QUOTED_INCLUDE_IN_FRAMEWORK_HEADER = YES;
				CLANG_WARN_RANGE_LOOP_ANALYSIS = YES;
				CLANG_WARN_STRICT_PROTOTYPES = YES;
				CLANG_WARN_SUSPICIOUS_MOVE = YES;
				CLANG_WARN_UNGUARDED_AVAILABILITY = YES_AGGRESSIVE;
				CLANG_WARN_UNREACHABLE_CODE = YES;
				CLANG_WARN__DUPLICATE_METHOD_MATCH = YES;
				COPY_PHASE_STRIP = NO;
				DEBUG_INFORMATION_FORMAT = dwarf;
				ENABLE_STRICT_OBJC_MSGSEND = YES;
				ENABLE_TESTABILITY = YES;
				GCC_C_LANGUAGE_STANDARD = gnu11;
				GCC_DYNAMIC_NO_PIC = NO;
				GCC_NO_COMMON_BLOCKS = YES;
				GCC_OPTIMIZATION_LEVEL = 0;
				GCC_PREPROCESSOR_DEFINITIONS = (
					"DEBUG=1",
					"$(inherited)",
				);
				GCC_WARN_64_TO_32_BIT_CONVERSION = YES;
				GCC_WARN_ABOUT_RETURN_TYPE = YES_ERROR;
				GCC_WARN_UNDECLARED_SELECTOR = YES;
				GCC_WARN_UNINITIALIZED_AUTOS = YES_AGGRESSIVE;
				GCC_WARN_UNUSED_FUNCTION = YES;
				GCC_WARN_UNUSED_VARIABLE = YES;
				IPHONEOS_DEPLOYMENT_TARGET = 16.4;
				MTL_ENABLE_DEBUG_INFO = INCLUDE_SOURCE;
				MTL_FAST_MATH = YES;
				ONLY_ACTIVE_ARCH = YES;
				SDKROOT = iphoneos;
				SWIFT_ACTIVE_COMPILATION_CONDITIONS = DEBUG;
				SWIFT_OPTIMIZATION_LEVEL = "-Onone";
			};
			name = Debug;
		};
		32F452382B34398900C6DEF4 /* Release */ = {
			isa = XCBuildConfiguration;
			buildSettings = {
				ALWAYS_SEARCH_USER_PATHS = NO;
				CLANG_ANALYZER_NONNULL = YES;
				CLANG_ANALYZER_NUMBER_OBJECT_CONVERSION = YES_AGGRESSIVE;
				CLANG_CXX_LANGUAGE_STANDARD = "gnu++20";
				CLANG_ENABLE_MODULES = YES;
				CLANG_ENABLE_OBJC_ARC = YES;
				CLANG_ENABLE_OBJC_WEAK = YES;
				CLANG_WARN_BLOCK_CAPTURE_AUTORELEASING = YES;
				CLANG_WARN_BOOL_CONVERSION = YES;
				CLANG_WARN_COMMA = YES;
				CLANG_WARN_CONSTANT_CONVERSION = YES;
				CLANG_WARN_DEPRECATED_OBJC_IMPLEMENTATIONS = YES;
				CLANG_WARN_DIRECT_OBJC_ISA_USAGE = YES_ERROR;
				CLANG_WARN_DOCUMENTATION_COMMENTS = YES;
				CLANG_WARN_EMPTY_BODY = YES;
				CLANG_WARN_ENUM_CONVERSION = YES;
				CLANG_WARN_INFINITE_RECURSION = YES;
				CLANG_WARN_INT_CONVERSION = YES;
				CLANG_WARN_NON_LITERAL_NULL_CONVERSION = YES;
				CLANG_WARN_OBJC_IMPLICIT_RETAIN_SELF = YES;
				CLANG_WARN_OBJC_LITERAL_CONVERSION = YES;
				CLANG_WARN_OBJC_ROOT_CLASS = YES_ERROR;
				CLANG_WARN_QUOTED_INCLUDE_IN_FRAMEWORK_HEADER = YES;
				CLANG_WARN_RANGE_LOOP_ANALYSIS = YES;
				CLANG_WARN_STRICT_PROTOTYPES = YES;
				CLANG_WARN_SUSPICIOUS_MOVE = YES;
				CLANG_WARN_UNGUARDED_AVAILABILITY = YES_AGGRESSIVE;
				CLANG_WARN_UNREACHABLE_CODE = YES;
				CLANG_WARN__DUPLICATE_METHOD_MATCH = YES;
				COPY_PHASE_STRIP = NO;
				DEBUG_INFORMATION_FORMAT = "dwarf-with-dsym";
				ENABLE_NS_ASSERTIONS = NO;
				ENABLE_STRICT_OBJC_MSGSEND = YES;
				GCC_C_LANGUAGE_STANDARD = gnu11;
				GCC_NO_COMMON_BLOCKS = YES;
				GCC_WARN_64_TO_32_BIT_CONVERSION = YES;
				GCC_WARN_ABOUT_RETURN_TYPE = YES_ERROR;
				GCC_WARN_UNDECLARED_SELECTOR = YES;
				GCC_WARN_UNINITIALIZED_AUTOS = YES_AGGRESSIVE;
				GCC_WARN_UNUSED_FUNCTION = YES;
				GCC_WARN_UNUSED_VARIABLE = YES;
				IPHONEOS_DEPLOYMENT_TARGET = 16.4;
				MTL_ENABLE_DEBUG_INFO = NO;
				MTL_FAST_MATH = YES;
				SDKROOT = iphoneos;
				SWIFT_COMPILATION_MODE = wholemodule;
				SWIFT_OPTIMIZATION_LEVEL = "-O";
				VALIDATE_PRODUCT = YES;
			};
			name = Release;
		};
		32F4523A2B34398900C6DEF4 /* Debug */ = {
			isa = XCBuildConfiguration;
			buildSettings = {
				ASSETCATALOG_COMPILER_APPICON_NAME = AppIcon;
				ASSETCATALOG_COMPILER_GLOBAL_ACCENT_COLOR_NAME = AccentColor;
				CODE_SIGN_STYLE = Automatic;
				CURRENT_PROJECT_VERSION = 1;
				DEVELOPMENT_TEAM = 86KZ8MK8J7;
				GENERATE_INFOPLIST_FILE = YES;
				INFOPLIST_FILE = "UIKit Today App/Info.plist";
				INFOPLIST_KEY_UIApplicationSupportsIndirectInputEvents = YES;
				INFOPLIST_KEY_UILaunchStoryboardName = LaunchScreen;
				INFOPLIST_KEY_UIMainStoryboardFile = Main;
				INFOPLIST_KEY_UISupportedInterfaceOrientations_iPad = "UIInterfaceOrientationPortrait UIInterfaceOrientationPortraitUpsideDown UIInterfaceOrientationLandscapeLeft UIInterfaceOrientationLandscapeRight";
				INFOPLIST_KEY_UISupportedInterfaceOrientations_iPhone = "UIInterfaceOrientationPortrait UIInterfaceOrientationLandscapeLeft UIInterfaceOrientationLandscapeRight";
				LD_RUNPATH_SEARCH_PATHS = (
					"$(inherited)",
					"@executable_path/Frameworks",
				);
				MARKETING_VERSION = 1.0;
				PRODUCT_BUNDLE_IDENTIFIER = "com.katebrr.UIKit-Today-App";
				PRODUCT_NAME = "$(TARGET_NAME)";
				SWIFT_EMIT_LOC_STRINGS = YES;
				SWIFT_VERSION = 5.0;
				TARGETED_DEVICE_FAMILY = "1,2";
			};
			name = Debug;
		};
		32F4523B2B34398900C6DEF4 /* Release */ = {
			isa = XCBuildConfiguration;
			buildSettings = {
				ASSETCATALOG_COMPILER_APPICON_NAME = AppIcon;
				ASSETCATALOG_COMPILER_GLOBAL_ACCENT_COLOR_NAME = AccentColor;
				CODE_SIGN_STYLE = Automatic;
				CURRENT_PROJECT_VERSION = 1;
				DEVELOPMENT_TEAM = 86KZ8MK8J7;
				GENERATE_INFOPLIST_FILE = YES;
				INFOPLIST_FILE = "UIKit Today App/Info.plist";
				INFOPLIST_KEY_UIApplicationSupportsIndirectInputEvents = YES;
				INFOPLIST_KEY_UILaunchStoryboardName = LaunchScreen;
				INFOPLIST_KEY_UIMainStoryboardFile = Main;
				INFOPLIST_KEY_UISupportedInterfaceOrientations_iPad = "UIInterfaceOrientationPortrait UIInterfaceOrientationPortraitUpsideDown UIInterfaceOrientationLandscapeLeft UIInterfaceOrientationLandscapeRight";
				INFOPLIST_KEY_UISupportedInterfaceOrientations_iPhone = "UIInterfaceOrientationPortrait UIInterfaceOrientationLandscapeLeft UIInterfaceOrientationLandscapeRight";
				LD_RUNPATH_SEARCH_PATHS = (
					"$(inherited)",
					"@executable_path/Frameworks",
				);
				MARKETING_VERSION = 1.0;
				PRODUCT_BUNDLE_IDENTIFIER = "com.katebrr.UIKit-Today-App";
				PRODUCT_NAME = "$(TARGET_NAME)";
				SWIFT_EMIT_LOC_STRINGS = YES;
				SWIFT_VERSION = 5.0;
				TARGETED_DEVICE_FAMILY = "1,2";
			};
			name = Release;
		};
/* End XCBuildConfiguration section */

/* Begin XCConfigurationList section */
		32F452202B34398600C6DEF4 /* Build configuration list for PBXProject "UIKit Today App" */ = {
			isa = XCConfigurationList;
			buildConfigurations = (
				32F452372B34398900C6DEF4 /* Debug */,
				32F452382B34398900C6DEF4 /* Release */,
			);
			defaultConfigurationIsVisible = 0;
			defaultConfigurationName = Release;
		};
		32F452392B34398900C6DEF4 /* Build configuration list for PBXNativeTarget "UIKit Today App" */ = {
			isa = XCConfigurationList;
			buildConfigurations = (
				32F4523A2B34398900C6DEF4 /* Debug */,
				32F4523B2B34398900C6DEF4 /* Release */,
			);
			defaultConfigurationIsVisible = 0;
			defaultConfigurationName = Release;
		};
/* End XCConfigurationList section */
	};
	rootObject = 32F4521D2B34398600C6DEF4 /* Project object */;
}
